
Microsoft Visual Studio Solution File, Format Version 12.00
# Visual Studio Version 16
VisualStudioVersion = 16.0.30011.22
MinimumVisualStudioVersion = 15.0.26124.0
Project("{2150E333-8FDC-42A3-9474-1A3956D46DE8}") = "src", "src", "{1ABB630C-7631-4109-8CFC-008FCE238FAC}"
EndProject
Project("{9A19103F-16F7-4668-BE54-9A1E7A4F7556}") = "CKLunchBot.Server", "src\CKLunchBot.Server\CKLunchBot.Server.csproj", "{A3559CDD-18AB-48ED-8BD6-0D15F9FE9063}"
EndProject
Project("{9A19103F-16F7-4668-BE54-9A1E7A4F7556}") = "CKLunchBot.Core", "src\CKLunchBot.Core\CKLunchBot.Core.csproj", "{98E066BD-5136-4EA9-8EAB-8D1C51FC2BE5}"
EndProject
Project("{9A19103F-16F7-4668-BE54-9A1E7A4F7556}") = "CKLunchBot.Core.Tests", "src\CKLunchBot.Core.Tests\CKLunchBot.Core.Tests.csproj", "{B6294F91-0280-437F-AEE2-093369DD88BA}"
EndProject
Project("{2150E333-8FDC-42A3-9474-1A3956D46DE8}") = "Solution Items", "Solution Items", "{3EA054BA-FFA3-47C3-BC66-99C597CF5529}"
	ProjectSection(SolutionItems) = preProject
		.editorconfig = .editorconfig
	EndProjectSection
EndProject
Project("{9A19103F-16F7-4668-BE54-9A1E7A4F7556}") = "CKLunchBot.ImageGenTest", "src\CKLunchBot.ImageGenTest\CKLunchBot.ImageGenTest.csproj", "{DACCCA22-570D-4019-96A1-9FD163813790}"
EndProject
Project("{FAE04EC0-301F-11D3-BF4B-00C04F79EFBC}") = "CKLunchBot.Actions", "src\CKLunchBot.Actions\CKLunchBot.Actions.csproj", "{5B7CFD03-01E5-4615-92BD-DAF94D786953}"
EndProject
Global
	GlobalSection(SolutionConfigurationPlatforms) = preSolution
		Debug|Any CPU = Debug|Any CPU
		Debug|x64 = Debug|x64
		Debug|x86 = Debug|x86
		Release|Any CPU = Release|Any CPU
		Release|x64 = Release|x64
		Release|x86 = Release|x86
	EndGlobalSection
	GlobalSection(ProjectConfigurationPlatforms) = postSolution
		{A3559CDD-18AB-48ED-8BD6-0D15F9FE9063}.Debug|Any CPU.ActiveCfg = Debug|Any CPU
		{A3559CDD-18AB-48ED-8BD6-0D15F9FE9063}.Debug|Any CPU.Build.0 = Debug|Any CPU
		{A3559CDD-18AB-48ED-8BD6-0D15F9FE9063}.Debug|x64.ActiveCfg = Debug|Any CPU
		{A3559CDD-18AB-48ED-8BD6-0D15F9FE9063}.Debug|x64.Build.0 = Debug|Any CPU
		{A3559CDD-18AB-48ED-8BD6-0D15F9FE9063}.Debug|x86.ActiveCfg = Debug|Any CPU
		{A3559CDD-18AB-48ED-8BD6-0D15F9FE9063}.Debug|x86.Build.0 = Debug|Any CPU
		{A3559CDD-18AB-48ED-8BD6-0D15F9FE9063}.Release|Any CPU.ActiveCfg = Release|Any CPU
		{A3559CDD-18AB-48ED-8BD6-0D15F9FE9063}.Release|Any CPU.Build.0 = Release|Any CPU
		{A3559CDD-18AB-48ED-8BD6-0D15F9FE9063}.Release|x64.ActiveCfg = Release|Any CPU
		{A3559CDD-18AB-48ED-8BD6-0D15F9FE9063}.Release|x64.Build.0 = Release|Any CPU
		{A3559CDD-18AB-48ED-8BD6-0D15F9FE9063}.Release|x86.ActiveCfg = Release|Any CPU
		{A3559CDD-18AB-48ED-8BD6-0D15F9FE9063}.Release|x86.Build.0 = Release|Any CPU
		{98E066BD-5136-4EA9-8EAB-8D1C51FC2BE5}.Debug|Any CPU.ActiveCfg = Debug|Any CPU
		{98E066BD-5136-4EA9-8EAB-8D1C51FC2BE5}.Debug|Any CPU.Build.0 = Debug|Any CPU
		{98E066BD-5136-4EA9-8EAB-8D1C51FC2BE5}.Debug|x64.ActiveCfg = Debug|Any CPU
		{98E066BD-5136-4EA9-8EAB-8D1C51FC2BE5}.Debug|x64.Build.0 = Debug|Any CPU
		{98E066BD-5136-4EA9-8EAB-8D1C51FC2BE5}.Debug|x86.ActiveCfg = Debug|Any CPU
		{98E066BD-5136-4EA9-8EAB-8D1C51FC2BE5}.Debug|x86.Build.0 = Debug|Any CPU
		{98E066BD-5136-4EA9-8EAB-8D1C51FC2BE5}.Release|Any CPU.ActiveCfg = Release|Any CPU
		{98E066BD-5136-4EA9-8EAB-8D1C51FC2BE5}.Release|Any CPU.Build.0 = Release|Any CPU
		{98E066BD-5136-4EA9-8EAB-8D1C51FC2BE5}.Release|x64.ActiveCfg = Release|Any CPU
		{98E066BD-5136-4EA9-8EAB-8D1C51FC2BE5}.Release|x64.Build.0 = Release|Any CPU
		{98E066BD-5136-4EA9-8EAB-8D1C51FC2BE5}.Release|x86.ActiveCfg = Release|Any CPU
		{98E066BD-5136-4EA9-8EAB-8D1C51FC2BE5}.Release|x86.Build.0 = Release|Any CPU
		{B6294F91-0280-437F-AEE2-093369DD88BA}.Debug|Any CPU.ActiveCfg = Debug|Any CPU
		{B6294F91-0280-437F-AEE2-093369DD88BA}.Debug|Any CPU.Build.0 = Debug|Any CPU
		{B6294F91-0280-437F-AEE2-093369DD88BA}.Debug|x64.ActiveCfg = Debug|Any CPU
		{B6294F91-0280-437F-AEE2-093369DD88BA}.Debug|x64.Build.0 = Debug|Any CPU
		{B6294F91-0280-437F-AEE2-093369DD88BA}.Debug|x86.ActiveCfg = Debug|Any CPU
		{B6294F91-0280-437F-AEE2-093369DD88BA}.Debug|x86.Build.0 = Debug|Any CPU
		{B6294F91-0280-437F-AEE2-093369DD88BA}.Release|Any CPU.ActiveCfg = Release|Any CPU
		{B6294F91-0280-437F-AEE2-093369DD88BA}.Release|Any CPU.Build.0 = Release|Any CPU
		{B6294F91-0280-437F-AEE2-093369DD88BA}.Release|x64.ActiveCfg = Release|Any CPU
		{B6294F91-0280-437F-AEE2-093369DD88BA}.Release|x64.Build.0 = Release|Any CPU
		{B6294F91-0280-437F-AEE2-093369DD88BA}.Release|x86.ActiveCfg = Release|Any CPU
		{B6294F91-0280-437F-AEE2-093369DD88BA}.Release|x86.Build.0 = Release|Any CPU
		{DACCCA22-570D-4019-96A1-9FD163813790}.Debug|Any CPU.ActiveCfg = Debug|Any CPU
		{DACCCA22-570D-4019-96A1-9FD163813790}.Debug|Any CPU.Build.0 = Debug|Any CPU
		{DACCCA22-570D-4019-96A1-9FD163813790}.Debug|x64.ActiveCfg = Debug|Any CPU
		{DACCCA22-570D-4019-96A1-9FD163813790}.Debug|x64.Build.0 = Debug|Any CPU
		{DACCCA22-570D-4019-96A1-9FD163813790}.Debug|x86.ActiveCfg = Debug|Any CPU
		{DACCCA22-570D-4019-96A1-9FD163813790}.Debug|x86.Build.0 = Debug|Any CPU
		{DACCCA22-570D-4019-96A1-9FD163813790}.Release|Any CPU.ActiveCfg = Release|Any CPU
		{DACCCA22-570D-4019-96A1-9FD163813790}.Release|Any CPU.Build.0 = Release|Any CPU
		{DACCCA22-570D-4019-96A1-9FD163813790}.Release|x64.ActiveCfg = Release|Any CPU
		{DACCCA22-570D-4019-96A1-9FD163813790}.Release|x64.Build.0 = Release|Any CPU
		{DACCCA22-570D-4019-96A1-9FD163813790}.Release|x86.ActiveCfg = Release|Any CPU
		{DACCCA22-570D-4019-96A1-9FD163813790}.Release|x86.Build.0 = Release|Any CPU
		{5B7CFD03-01E5-4615-92BD-DAF94D786953}.Debug|Any CPU.ActiveCfg = Debug|Any CPU
		{5B7CFD03-01E5-4615-92BD-DAF94D786953}.Debug|Any CPU.Build.0 = Debug|Any CPU
		{5B7CFD03-01E5-4615-92BD-DAF94D786953}.Debug|x64.ActiveCfg = Debug|Any CPU
		{5B7CFD03-01E5-4615-92BD-DAF94D786953}.Debug|x64.Build.0 = Debug|Any CPU
		{5B7CFD03-01E5-4615-92BD-DAF94D786953}.Debug|x86.ActiveCfg = Debug|Any CPU
		{5B7CFD03-01E5-4615-92BD-DAF94D786953}.Debug|x86.Build.0 = Debug|Any CPU
		{5B7CFD03-01E5-4615-92BD-DAF94D786953}.Release|Any CPU.ActiveCfg = Release|Any CPU
		{5B7CFD03-01E5-4615-92BD-DAF94D786953}.Release|Any CPU.Build.0 = Release|Any CPU
		{5B7CFD03-01E5-4615-92BD-DAF94D786953}.Release|x64.ActiveCfg = Release|Any CPU
		{5B7CFD03-01E5-4615-92BD-DAF94D786953}.Release|x64.Build.0 = Release|Any CPU
		{5B7CFD03-01E5-4615-92BD-DAF94D786953}.Release|x86.ActiveCfg = Release|Any CPU
		{5B7CFD03-01E5-4615-92BD-DAF94D786953}.Release|x86.Build.0 = Release|Any CPU
	EndGlobalSection
	GlobalSection(SolutionProperties) = preSolution
		HideSolutionNode = FALSE
	EndGlobalSection
	GlobalSection(NestedProjects) = preSolution
		{A3559CDD-18AB-48ED-8BD6-0D15F9FE9063} = {1ABB630C-7631-4109-8CFC-008FCE238FAC}
		{98E066BD-5136-4EA9-8EAB-8D1C51FC2BE5} = {1ABB630C-7631-4109-8CFC-008FCE238FAC}
		{B6294F91-0280-437F-AEE2-093369DD88BA} = {1ABB630C-7631-4109-8CFC-008FCE238FAC}
		{DACCCA22-570D-4019-96A1-9FD163813790} = {1ABB630C-7631-4109-8CFC-008FCE238FAC}
		{5B7CFD03-01E5-4615-92BD-DAF94D786953} = {1ABB630C-7631-4109-8CFC-008FCE238FAC}
	EndGlobalSection
	GlobalSection(ExtensibilityGlobals) = postSolution
		SolutionGuid = {2371DCA4-17BA-4361-8ADE-E1862B69573A}
	EndGlobalSection
EndGlobal
